
Microsoft Visual Studio Solution File, Format Version 12.00
# Visual Studio Version 17
VisualStudioVersion = 17.6.33815.320
MinimumVisualStudioVersion = 10.0.40219.1
Project("{9A19103F-16F7-4668-BE54-9A1E7A4F7556}") = "WinFormsApp1", "WinFormsApp1\WinFormsApp1.csproj", "{9C22D118-FA81-42E7-941E-74296CCE0E45}"
EndProject
Project("{9A19103F-16F7-4668-BE54-9A1E7A4F7556}") = "szorzotabla", "szorzotabla\szorzotabla.csproj", "{1BD105F8-0E46-4D07-9708-B4C2921FA35B}"
EndProject
Project("{9A19103F-16F7-4668-BE54-9A1E7A4F7556}") = "WinFormsApp2", "WinFormsApp2\WinFormsApp2.csproj", "{F8D86278-08DB-4E48-AB17-331C248F498A}"
EndProject
Project("{9A19103F-16F7-4668-BE54-9A1E7A4F7556}") = "gyakorlo3", "gyakorlo3\gyakorlo3.csproj", "{215487FC-DAAC-416A-AA46-3F338271BA2C}"
EndProject
Project("{9A19103F-16F7-4668-BE54-9A1E7A4F7556}") = "2feladat", "2feladat\2feladat.csproj", "{AF78D4FD-E7F4-42C6-8E74-77294A939A6B}"
EndProject
Project("{9A19103F-16F7-4668-BE54-9A1E7A4F7556}") = "3dikfeladat", "3dikfeladat\3dikfeladat.csproj", "{B8A8FF61-1224-4C6C-BE6B-A90766BAB4B4}"
EndProject
Project("{9A19103F-16F7-4668-BE54-9A1E7A4F7556}") = "gyakorlas_3", "gyakorlas_3\gyakorlas_3.csproj", "{20876FA8-4C3C-463C-8A1E-756E4D6558BB}"
EndProject
Project("{9A19103F-16F7-4668-BE54-9A1E7A4F7556}") = "gyakorlas_0302", "gyakorlas_0302\gyakorlas_0302.csproj", "{A2460716-336B-49A2-BAA1-9F5860300DD4}"
EndProject
Project("{9A19103F-16F7-4668-BE54-9A1E7A4F7556}") = "gyakorlas_HET1_kamatesfeladatok", "WinFormsApp3\gyakorlas_HET1_kamatesfeladatok.csproj", "{DE4C7561-DBDD-4C0B-8063-0FB0E7C1FB88}"
EndProject
Project("{9A19103F-16F7-4668-BE54-9A1E7A4F7556}") = "gyakorlas_szorzotabla_gombbol", "gyakorlas_szorzotabla_gombbol\gyakorlas_szorzotabla_gombbol.csproj", "{7B9255E5-9913-4867-8688-DE2FABFED602}"
EndProject
Project("{9A19103F-16F7-4668-BE54-9A1E7A4F7556}") = "zh_eloadas_gyak", "zh_eloadas_gyak\zh_eloadas_gyak.csproj", "{2E239175-7579-430B-AF35-B5EA39DB68D2}"
EndProject
Project("{9A19103F-16F7-4668-BE54-9A1E7A4F7556}") = "zh_eloadas_gyak2", "zh_eloadas_gyak2\zh_eloadas_gyak2.csproj", "{58DDBFCB-B496-4033-BF3A-053A72815526}"
EndProject
Project("{9A19103F-16F7-4668-BE54-9A1E7A4F7556}") = "5_het_eloadas", "5_het_eloadas\5_het_eloadas.csproj", "{989DDC24-0652-4ADA-9B60-AF4B83F4E080}"
EndProject
Project("{9A19103F-16F7-4668-BE54-9A1E7A4F7556}") = "5_het_gyakorlat", "5_het_gyakorlat\5_het_gyakorlat.csproj", "{F092D32C-582A-4A59-BAE4-5275CC5E23B6}"
EndProject
Project("{FAE04EC0-301F-11D3-BF4B-00C04F79EFBC}") = "6_het_gyakorlat", "6_het_gyakorlat\6_het_gyakorlat.csproj", "{DB9D14C0-F30D-4F18-BB09-032004F1DD00}"
EndProject
Global
	GlobalSection(SolutionConfigurationPlatforms) = preSolution
		Debug|Any CPU = Debug|Any CPU
		Release|Any CPU = Release|Any CPU
	EndGlobalSection
	GlobalSection(ProjectConfigurationPlatforms) = postSolution
		{9C22D118-FA81-42E7-941E-74296CCE0E45}.Debug|Any CPU.ActiveCfg = Debug|Any CPU
		{9C22D118-FA81-42E7-941E-74296CCE0E45}.Debug|Any CPU.Build.0 = Debug|Any CPU
		{9C22D118-FA81-42E7-941E-74296CCE0E45}.Release|Any CPU.ActiveCfg = Release|Any CPU
		{9C22D118-FA81-42E7-941E-74296CCE0E45}.Release|Any CPU.Build.0 = Release|Any CPU
		{1BD105F8-0E46-4D07-9708-B4C2921FA35B}.Debug|Any CPU.ActiveCfg = Debug|Any CPU
		{1BD105F8-0E46-4D07-9708-B4C2921FA35B}.Debug|Any CPU.Build.0 = Debug|Any CPU
		{1BD105F8-0E46-4D07-9708-B4C2921FA35B}.Release|Any CPU.ActiveCfg = Release|Any CPU
		{1BD105F8-0E46-4D07-9708-B4C2921FA35B}.Release|Any CPU.Build.0 = Release|Any CPU
		{F8D86278-08DB-4E48-AB17-331C248F498A}.Debug|Any CPU.ActiveCfg = Debug|Any CPU
		{F8D86278-08DB-4E48-AB17-331C248F498A}.Debug|Any CPU.Build.0 = Debug|Any CPU
		{F8D86278-08DB-4E48-AB17-331C248F498A}.Release|Any CPU.ActiveCfg = Release|Any CPU
		{F8D86278-08DB-4E48-AB17-331C248F498A}.Release|Any CPU.Build.0 = Release|Any CPU
		{215487FC-DAAC-416A-AA46-3F338271BA2C}.Debug|Any CPU.ActiveCfg = Debug|Any CPU
		{215487FC-DAAC-416A-AA46-3F338271BA2C}.Debug|Any CPU.Build.0 = Debug|Any CPU
		{215487FC-DAAC-416A-AA46-3F338271BA2C}.Release|Any CPU.ActiveCfg = Release|Any CPU
		{215487FC-DAAC-416A-AA46-3F338271BA2C}.Release|Any CPU.Build.0 = Release|Any CPU
		{AF78D4FD-E7F4-42C6-8E74-77294A939A6B}.Debug|Any CPU.ActiveCfg = Debug|Any CPU
		{AF78D4FD-E7F4-42C6-8E74-77294A939A6B}.Debug|Any CPU.Build.0 = Debug|Any CPU
		{AF78D4FD-E7F4-42C6-8E74-77294A939A6B}.Release|Any CPU.ActiveCfg = Release|Any CPU
		{AF78D4FD-E7F4-42C6-8E74-77294A939A6B}.Release|Any CPU.Build.0 = Release|Any CPU
		{B8A8FF61-1224-4C6C-BE6B-A90766BAB4B4}.Debug|Any CPU.ActiveCfg = Debug|Any CPU
		{B8A8FF61-1224-4C6C-BE6B-A90766BAB4B4}.Debug|Any CPU.Build.0 = Debug|Any CPU
		{B8A8FF61-1224-4C6C-BE6B-A90766BAB4B4}.Release|Any CPU.ActiveCfg = Release|Any CPU
		{B8A8FF61-1224-4C6C-BE6B-A90766BAB4B4}.Release|Any CPU.Build.0 = Release|Any CPU
		{20876FA8-4C3C-463C-8A1E-756E4D6558BB}.Debug|Any CPU.ActiveCfg = Debug|Any CPU
		{20876FA8-4C3C-463C-8A1E-756E4D6558BB}.Debug|Any CPU.Build.0 = Debug|Any CPU
		{20876FA8-4C3C-463C-8A1E-756E4D6558BB}.Release|Any CPU.ActiveCfg = Release|Any CPU
		{20876FA8-4C3C-463C-8A1E-756E4D6558BB}.Release|Any CPU.Build.0 = Release|Any CPU
		{A2460716-336B-49A2-BAA1-9F5860300DD4}.Debug|Any CPU.ActiveCfg = Debug|Any CPU
		{A2460716-336B-49A2-BAA1-9F5860300DD4}.Debug|Any CPU.Build.0 = Debug|Any CPU
		{A2460716-336B-49A2-BAA1-9F5860300DD4}.Release|Any CPU.ActiveCfg = Release|Any CPU
		{A2460716-336B-49A2-BAA1-9F5860300DD4}.Release|Any CPU.Build.0 = Release|Any CPU
		{DE4C7561-DBDD-4C0B-8063-0FB0E7C1FB88}.Debug|Any CPU.ActiveCfg = Debug|Any CPU
		{DE4C7561-DBDD-4C0B-8063-0FB0E7C1FB88}.Debug|Any CPU.Build.0 = Debug|Any CPU
		{DE4C7561-DBDD-4C0B-8063-0FB0E7C1FB88}.Release|Any CPU.ActiveCfg = Release|Any CPU
		{DE4C7561-DBDD-4C0B-8063-0FB0E7C1FB88}.Release|Any CPU.Build.0 = Release|Any CPU
		{7B9255E5-9913-4867-8688-DE2FABFED602}.Debug|Any CPU.ActiveCfg = Debug|Any CPU
		{7B9255E5-9913-4867-8688-DE2FABFED602}.Debug|Any CPU.Build.0 = Debug|Any CPU
		{7B9255E5-9913-4867-8688-DE2FABFED602}.Release|Any CPU.ActiveCfg = Release|Any CPU
		{7B9255E5-9913-4867-8688-DE2FABFED602}.Release|Any CPU.Build.0 = Release|Any CPU
		{2E239175-7579-430B-AF35-B5EA39DB68D2}.Debug|Any CPU.ActiveCfg = Debug|Any CPU
		{2E239175-7579-430B-AF35-B5EA39DB68D2}.Debug|Any CPU.Build.0 = Debug|Any CPU
		{2E239175-7579-430B-AF35-B5EA39DB68D2}.Release|Any CPU.ActiveCfg = Release|Any CPU
		{2E239175-7579-430B-AF35-B5EA39DB68D2}.Release|Any CPU.Build.0 = Release|Any CPU
		{58DDBFCB-B496-4033-BF3A-053A72815526}.Debug|Any CPU.ActiveCfg = Debug|Any CPU
		{58DDBFCB-B496-4033-BF3A-053A72815526}.Debug|Any CPU.Build.0 = Debug|Any CPU
		{58DDBFCB-B496-4033-BF3A-053A72815526}.Release|Any CPU.ActiveCfg = Release|Any CPU
		{58DDBFCB-B496-4033-BF3A-053A72815526}.Release|Any CPU.Build.0 = Release|Any CPU
		{989DDC24-0652-4ADA-9B60-AF4B83F4E080}.Debug|Any CPU.ActiveCfg = Debug|Any CPU
		{989DDC24-0652-4ADA-9B60-AF4B83F4E080}.Debug|Any CPU.Build.0 = Debug|Any CPU
		{989DDC24-0652-4ADA-9B60-AF4B83F4E080}.Release|Any CPU.ActiveCfg = Release|Any CPU
		{989DDC24-0652-4ADA-9B60-AF4B83F4E080}.Release|Any CPU.Build.0 = Release|Any CPU
		{F092D32C-582A-4A59-BAE4-5275CC5E23B6}.Debug|Any CPU.ActiveCfg = Debug|Any CPU
		{F092D32C-582A-4A59-BAE4-5275CC5E23B6}.Debug|Any CPU.Build.0 = Debug|Any CPU
		{F092D32C-582A-4A59-BAE4-5275CC5E23B6}.Release|Any CPU.ActiveCfg = Release|Any CPU
		{F092D32C-582A-4A59-BAE4-5275CC5E23B6}.Release|Any CPU.Build.0 = Release|Any CPU
		{DB9D14C0-F30D-4F18-BB09-032004F1DD00}.Debug|Any CPU.ActiveCfg = Debug|Any CPU
		{DB9D14C0-F30D-4F18-BB09-032004F1DD00}.Debug|Any CPU.Build.0 = Debug|Any CPU
		{DB9D14C0-F30D-4F18-BB09-032004F1DD00}.Release|Any CPU.ActiveCfg = Release|Any CPU
		{DB9D14C0-F30D-4F18-BB09-032004F1DD00}.Release|Any CPU.Build.0 = Release|Any CPU
	EndGlobalSection
	GlobalSection(SolutionProperties) = preSolution
		HideSolutionNode = FALSE
	EndGlobalSection
	GlobalSection(ExtensibilityGlobals) = postSolution
		SolutionGuid = {1AAA4A35-30D3-4235-BC06-DCD3059DF6E1}
	EndGlobalSection
EndGlobal
